
Microsoft Visual Studio Solution File, Format Version 12.00
# Visual Studio Version 16
VisualStudioVersion = 16.0.29102.190
MinimumVisualStudioVersion = 10.0.40219.1
Project("{FAE04EC0-301F-11D3-BF4B-00C04F79EFBC}") = "Elekalculator", "Elekalculator\Elekalculator.csproj", "{7DECF439-9F95-4BFE-A112-FB7BBEFDF00A}"
EndProject
Global
	GlobalSection(SolutionConfigurationPlatforms) = preSolution
		Debug|Any CPU = Debug|Any CPU
		Release|Any CPU = Release|Any CPU
	EndGlobalSection
	GlobalSection(ProjectConfigurationPlatforms) = postSolution
		{7DECF439-9F95-4BFE-A112-FB7BBEFDF00A}.Debug|Any CPU.ActiveCfg = Debug|Any CPU
		{7DECF439-9F95-4BFE-A112-FB7BBEFDF00A}.Debug|Any CPU.Build.0 = Debug|Any CPU
		{7DECF439-9F95-4BFE-A112-FB7BBEFDF00A}.Release|Any CPU.ActiveCfg = Release|Any CPU
		{7DECF439-9F95-4BFE-A112-FB7BBEFDF00A}.Release|Any CPU.Build.0 = Release|Any CPU
	EndGlobalSection
	GlobalSection(SolutionProperties) = preSolution
		HideSolutionNode = FALSE
	EndGlobalSection
	GlobalSection(ExtensibilityGlobals) = postSolution
		SolutionGuid = {36EEB1D7-3E32-407E-9EAA-C226E1D14C6C}
	EndGlobalSection
EndGlobal
